{
  "name": "junni-co-jp-cylinder",
  "lockfileVersion": 3,
  "requires": true,
  "packages": {
    "": {
      "dependencies": {
        "simplex-noise": "^4.0.3",
        "three": "^0.169.0"
      }
    },
    "node_modules/simplex-noise": {
      "version": "4.0.3",
      "resolved": "https://registry.npmjs.org/simplex-noise/-/simplex-noise-4.0.3.tgz",
      "integrity": "sha512-qSE2I4AngLQG7BXqoZj51jokT4WUXe8mOBrvfOXpci8+6Yu44+/dD5zqDpOx3Ux792eamTd2lLcI8jqFntk/lg==",
      "license": "MIT"
    },
    "node_modules/three": {
      "version": "0.169.0",
      "resolved": "https://registry.npmjs.org/three/-/three-0.169.0.tgz",
      "integrity": "sha512-Ed906MA3dR4TS5riErd4QBsRGPcx+HBDX2O5yYE5GqJeFQTPU+M56Va/f/Oph9X7uZo3W3o4l2ZhBZ6f6qUv0w==",
      "license": "MIT"
    }
  }
}
